
Microsoft Visual Studio Solution File, Format Version 12.00
# Visual Studio Version 17
VisualStudioVersion = 17.4.33110.190
MinimumVisualStudioVersion = 10.0.40219.1
Project("{FAE04EC0-301F-11D3-BF4B-00C04F79EFBC}") = "TestApp", "TestApp\TestApp.csproj", "{69022A62-000E-4F51-85E9-CFD08E661374}"
EndProject
Project("{9A19103F-16F7-4668-BE54-9A1E7A4F7556}") = "WBUniversalLib", "WBUniversalLib\WBUniversalLib.csproj", "{A72714F3-6343-4514-B9FB-A7BFF7B30CC0}"
EndProject
Project("{FAE04EC0-301F-11D3-BF4B-00C04F79EFBC}") = "CalculatorForm", "CalculatorForm\CalculatorForm.csproj", "{2E06CDEE-DD0C-4944-B506-C20F23681024}"
EndProject
Global
	GlobalSection(SolutionConfigurationPlatforms) = preSolution
		Debug|Any CPU = Debug|Any CPU
		Release|Any CPU = Release|Any CPU
	EndGlobalSection
	GlobalSection(ProjectConfigurationPlatforms) = postSolution
		{69022A62-000E-4F51-85E9-CFD08E661374}.Debug|Any CPU.ActiveCfg = Debug|Any CPU
		{69022A62-000E-4F51-85E9-CFD08E661374}.Debug|Any CPU.Build.0 = Debug|Any CPU
		{69022A62-000E-4F51-85E9-CFD08E661374}.Release|Any CPU.ActiveCfg = Release|Any CPU
		{69022A62-000E-4F51-85E9-CFD08E661374}.Release|Any CPU.Build.0 = Release|Any CPU
		{A72714F3-6343-4514-B9FB-A7BFF7B30CC0}.Debug|Any CPU.ActiveCfg = Debug|Any CPU
		{A72714F3-6343-4514-B9FB-A7BFF7B30CC0}.Debug|Any CPU.Build.0 = Debug|Any CPU
		{A72714F3-6343-4514-B9FB-A7BFF7B30CC0}.Release|Any CPU.ActiveCfg = Release|Any CPU
		{A72714F3-6343-4514-B9FB-A7BFF7B30CC0}.Release|Any CPU.Build.0 = Release|Any CPU
		{2E06CDEE-DD0C-4944-B506-C20F23681024}.Debug|Any CPU.ActiveCfg = Debug|Any CPU
		{2E06CDEE-DD0C-4944-B506-C20F23681024}.Debug|Any CPU.Build.0 = Debug|Any CPU
		{2E06CDEE-DD0C-4944-B506-C20F23681024}.Release|Any CPU.ActiveCfg = Release|Any CPU
		{2E06CDEE-DD0C-4944-B506-C20F23681024}.Release|Any CPU.Build.0 = Release|Any CPU
	EndGlobalSection
	GlobalSection(SolutionProperties) = preSolution
		HideSolutionNode = FALSE
	EndGlobalSection
	GlobalSection(ExtensibilityGlobals) = postSolution
		SolutionGuid = {5F8B252A-4533-4A2D-93AB-C1F6FE1E5B0C}
	EndGlobalSection
EndGlobal
